PODS:
  - Alamofire (5.8.1)
  - Kingfisher (7.10.1)
  - SnapKit (5.6.0)
  - YandexMapsMobile (4.5.1-lite)

DEPENDENCIES:
  - Alamofire
  - Kingfisher
  - SnapKit
  - YandexMapsMobile (= 4.5.1-lite)

SPEC REPOS:
  trunk:
    - Alamofire
    - Kingfisher
    - SnapKit
    - YandexMapsMobile

SPEC CHECKSUMS:
  Alamofire: 3ca42e259043ee0dc5c0cdd76c4bc568b8e42af7
  Kingfisher: bc5abe80a8e0144537ef1dd5a0b2621b04f7f439
  SnapKit: e01d52ebb8ddbc333eefe2132acf85c8227d9c25
  YandexMapsMobile: 1d4ab5b441f189756e0a9f94626ff26ae1fc9756

PODFILE CHECKSUM: 054ef241cf4bb18d4b137cca641de971cb94707d

COCOAPODS: 1.13.0
